
Microsoft Visual Studio Solution File, Format Version 12.00
# Visual Studio Version 16
VisualStudioVersion = 16.0.30523.141
MinimumVisualStudioVersion = 10.0.40219.1
Project("{FAE04EC0-301F-11D3-BF4B-00C04F79EFBC}") = "thread_animali", "thread_animali\thread_animali.csproj", "{8F0C2787-7735-4A91-9C91-0B8D32F9A068}"
EndProject
Global
	GlobalSection(SolutionConfigurationPlatforms) = preSolution
		Debug|Any CPU = Debug|Any CPU
		Release|Any CPU = Release|Any CPU
	EndGlobalSection
	GlobalSection(ProjectConfigurationPlatforms) = postSolution
		{8F0C2787-7735-4A91-9C91-0B8D32F9A068}.Debug|Any CPU.ActiveCfg = Debug|Any CPU
		{8F0C2787-7735-4A91-9C91-0B8D32F9A068}.Debug|Any CPU.Build.0 = Debug|Any CPU
		{8F0C2787-7735-4A91-9C91-0B8D32F9A068}.Release|Any CPU.ActiveCfg = Release|Any CPU
		{8F0C2787-7735-4A91-9C91-0B8D32F9A068}.Release|Any CPU.Build.0 = Release|Any CPU
	EndGlobalSection
	GlobalSection(SolutionProperties) = preSolution
		HideSolutionNode = FALSE
	EndGlobalSection
	GlobalSection(ExtensibilityGlobals) = postSolution
		SolutionGuid = {A593D94E-2A23-4E93-A48A-5284FD229B03}
	EndGlobalSection
EndGlobal
